// !$*UTF8*$!
{
	archiveVersion = 1;
	classes = {
	};
	objectVersion = 56;
	objects = {

/* Begin PBXBuildFile section */
		A1B2C3D4E5F6000000000010 /* MarginShotApp.swift in Sources */ = {isa = PBXBuildFile; fileRef = A1B2C3D4E5F6000000000008 /* MarginShotApp.swift */; };
		A1B2C3D4E5F6000000000011 /* ContentView.swift in Sources */ = {isa = PBXBuildFile; fileRef = A1B2C3D4E5F6000000000009 /* ContentView.swift */; };
		A1B2C3D4E5F6000000000012 /* CaptureView.swift in Sources */ = {isa = PBXBuildFile; fileRef = A1B2C3D4E5F600000000000A /* CaptureView.swift */; };
		A1B2C3D4E5F6000000000013 /* ChatView.swift in Sources */ = {isa = PBXBuildFile; fileRef = A1B2C3D4E5F600000000000B /* ChatView.swift */; };
		A1B2C3D4E5F6000000000014 /* HeaderView.swift in Sources */ = {isa = PBXBuildFile; fileRef = A1B2C3D4E5F600000000000C /* HeaderView.swift */; };
		A1B2C3D4E5F6000000000015 /* Assets.xcassets in Resources */ = {isa = PBXBuildFile; fileRef = A1B2C3D4E5F600000000000D /* Assets.xcassets */; };
		A1B2C3D4E5F6000000000016 /* OnboardingView.swift in Sources */ = {isa = PBXBuildFile; fileRef = A1B2C3D4E5F600000000000F /* OnboardingView.swift */; };
		7C57D5E4B88C479982B3D586 /* PersistenceController.swift in Sources */ = {isa = PBXBuildFile; fileRef = 0DE316DD78EC46B8A2164601 /* PersistenceController.swift */; };
		A1B2C3D4E5F6000000000018 /* ProcessingQueue.swift in Sources */ = {isa = PBXBuildFile; fileRef = A1B2C3D4E5F6000000000017 /* ProcessingQueue.swift */; };
/* End PBXBuildFile section */

/* Begin PBXFileReference section */
		A1B2C3D4E5F6000000000007 /* MarginShot.app */ = {isa = PBXFileReference; explicitFileType = wrapper.application; path = MarginShot.app; sourceTree = BUILT_PRODUCTS_DIR; };
		A1B2C3D4E5F6000000000008 /* MarginShotApp.swift */ = {isa = PBXFileReference; lastKnownFileType = sourcecode.swift; path = MarginShotApp.swift; sourceTree = "<group>"; };
		A1B2C3D4E5F6000000000009 /* ContentView.swift */ = {isa = PBXFileReference; lastKnownFileType = sourcecode.swift; path = ContentView.swift; sourceTree = "<group>"; };
		A1B2C3D4E5F600000000000A /* CaptureView.swift */ = {isa = PBXFileReference; lastKnownFileType = sourcecode.swift; path = CaptureView.swift; sourceTree = "<group>"; };
		A1B2C3D4E5F600000000000B /* ChatView.swift */ = {isa = PBXFileReference; lastKnownFileType = sourcecode.swift; path = ChatView.swift; sourceTree = "<group>"; };
		A1B2C3D4E5F600000000000C /* HeaderView.swift */ = {isa = PBXFileReference; lastKnownFileType = sourcecode.swift; path = HeaderView.swift; sourceTree = "<group>"; };
		A1B2C3D4E5F600000000000D /* Assets.xcassets */ = {isa = PBXFileReference; lastKnownFileType = folder.assetcatalog; path = Assets.xcassets; sourceTree = "<group>"; };
		A1B2C3D4E5F600000000000E /* Info.plist */ = {isa = PBXFileReference; lastKnownFileType = text.plist.xml; path = Info.plist; sourceTree = "<group>"; };
		A1B2C3D4E5F600000000000F /* OnboardingView.swift */ = {isa = PBXFileReference; lastKnownFileType = sourcecode.swift; path = OnboardingView.swift; sourceTree = "<group>"; };
		0DE316DD78EC46B8A2164601 /* PersistenceController.swift */ = {isa = PBXFileReference; lastKnownFileType = sourcecode.swift; path = PersistenceController.swift; sourceTree = "<group>"; };
		A1B2C3D4E5F6000000000017 /* ProcessingQueue.swift */ = {isa = PBXFileReference; lastKnownFileType = sourcecode.swift; path = ProcessingQueue.swift; sourceTree = "<group>"; };
/* End PBXFileReference section */

/* Begin PBXFrameworksBuildPhase section */
		A1B2C3D4E5F6000000000022 /* Frameworks */ = {
			isa = PBXFrameworksBuildPhase;
			buildActionMask = 2147483647;
			files = (
			);
			runOnlyForDeploymentPostprocessing = 0;
		};
/* End PBXFrameworksBuildPhase section */

/* Begin PBXGroup section */
		A1B2C3D4E5F6000000000001 = {
			isa = PBXGroup;
			children = (
				A1B2C3D4E5F6000000000003 /* MarginShot */,
				A1B2C3D4E5F6000000000002 /* Products */,
			);
			sourceTree = "<group>";
		};
		A1B2C3D4E5F6000000000002 /* Products */ = {
			isa = PBXGroup;
			children = (
				A1B2C3D4E5F6000000000007 /* MarginShot.app */,
			);
			name = Products;
			sourceTree = "<group>";
		};
		A1B2C3D4E5F6000000000003 /* MarginShot */ = {
			isa = PBXGroup;
			children = (
				A1B2C3D4E5F6000000000008 /* MarginShotApp.swift */,
				A1B2C3D4E5F6000000000009 /* ContentView.swift */,
				0DE316DD78EC46B8A2164601 /* PersistenceController.swift */,
				A1B2C3D4E5F6000000000017 /* ProcessingQueue.swift */,
				A1B2C3D4E5F6000000000004 /* Views */,
				A1B2C3D4E5F600000000000D /* Assets.xcassets */,
				A1B2C3D4E5F600000000000E /* Info.plist */,
			);
			path = MarginShot;
			sourceTree = "<group>";
		};
		A1B2C3D4E5F6000000000004 /* Views */ = {
			isa = PBXGroup;
			children = (
				A1B2C3D4E5F600000000000A /* CaptureView.swift */,
				A1B2C3D4E5F600000000000B /* ChatView.swift */,
				A1B2C3D4E5F600000000000C /* HeaderView.swift */,
				A1B2C3D4E5F600000000000F /* OnboardingView.swift */,
			);
			path = Views;
			sourceTree = "<group>";
		};
/* End PBXGroup section */

/* Begin PBXNativeTarget section */
		A1B2C3D4E5F6000000000006 /* MarginShot */ = {
			isa = PBXNativeTarget;
			buildConfigurationList = A1B2C3D4E5F6000000000042 /* Build configuration list for PBXNativeTarget "MarginShot" */;
			buildPhases = (
				A1B2C3D4E5F6000000000020 /* Sources */,
				A1B2C3D4E5F6000000000021 /* Resources */,
				A1B2C3D4E5F6000000000022 /* Frameworks */,
			);
			buildRules = (
			);
			dependencies = (
			);
			name = MarginShot;
			productName = MarginShot;
			productReference = A1B2C3D4E5F6000000000007 /* MarginShot.app */;
			productType = "com.apple.product-type.application";
		};
/* End PBXNativeTarget section */

/* Begin PBXProject section */
		A1B2C3D4E5F6000000000005 /* Project object */ = {
			isa = PBXProject;
			attributes = {
				BuildIndependentTargetsInParallel = 1;
				LastSwiftUpdateCheck = 1500;
				LastUpgradeCheck = 1500;
				TargetAttributes = {
					A1B2C3D4E5F6000000000006 = {
						CreatedOnToolsVersion = 15.0;
					};
				};
			};
			buildConfigurationList = A1B2C3D4E5F6000000000032 /* Build configuration list for PBXProject "MarginShot" */;
			compatibilityVersion = "Xcode 14.0";
			developmentRegion = en;
			hasScannedForEncodings = 0;
			knownRegions = (
				en,
				Base,
			);
			mainGroup = A1B2C3D4E5F6000000000001;
			productRefGroup = A1B2C3D4E5F6000000000002 /* Products */;
			projectDirPath = "";
			projectRoot = "";
			targets = (
				A1B2C3D4E5F6000000000006 /* MarginShot */,
			);
		};
/* End PBXProject section */

/* Begin PBXResourcesBuildPhase section */
		A1B2C3D4E5F6000000000021 /* Resources */ = {
			isa = PBXResourcesBuildPhase;
			buildActionMask = 2147483647;
			files = (
				A1B2C3D4E5F6000000000015 /* Assets.xcassets in Resources */,
			);
			runOnlyForDeploymentPostprocessing = 0;
		};
/* End PBXResourcesBuildPhase section */

/* Begin PBXSourcesBuildPhase section */
		A1B2C3D4E5F6000000000020 /* Sources */ = {
			isa = PBXSourcesBuildPhase;
			buildActionMask = 2147483647;
			files = (
				A1B2C3D4E5F6000000000010 /* MarginShotApp.swift in Sources */,
				A1B2C3D4E5F6000000000011 /* ContentView.swift in Sources */,
				A1B2C3D4E5F6000000000012 /* CaptureView.swift in Sources */,
				A1B2C3D4E5F6000000000013 /* ChatView.swift in Sources */,
				A1B2C3D4E5F6000000000014 /* HeaderView.swift in Sources */,
				A1B2C3D4E5F6000000000016 /* OnboardingView.swift in Sources */,
				7C57D5E4B88C479982B3D586 /* PersistenceController.swift in Sources */,
				A1B2C3D4E5F6000000000018 /* ProcessingQueue.swift in Sources */,
			);
			runOnlyForDeploymentPostprocessing = 0;
		};
/* End PBXSourcesBuildPhase section */

/* Begin XCBuildConfiguration section */
		A1B2C3D4E5F6000000000030 /* Debug */ = {
			isa = XCBuildConfiguration;
			buildSettings = {
				ALWAYS_SEARCH_USER_PATHS = NO;
				CLANG_ANALYZER_LOCALIZABILITY_NONLOCALIZED = YES;
				CLANG_ENABLE_MODULES = YES;
				CODE_SIGN_STYLE = Automatic;
				CURRENT_PROJECT_VERSION = 1;
				DEBUG_INFORMATION_FORMAT = dwarf;
				DEVELOPMENT_TEAM = "";
				ENABLE_PREVIEWS = YES;
				GENERATE_INFOPLIST_FILE = NO;
				INFOPLIST_FILE = MarginShot/Info.plist;
				IPHONEOS_DEPLOYMENT_TARGET = 17.0;
				LD_RUNPATH_SEARCH_PATHS = (
					"$(inherited)",
					"@executable_path/Frameworks",
				);
				MARKETING_VERSION = 0.1.0;
				PRODUCT_BUNDLE_IDENTIFIER = com.example.MarginShot;
				PRODUCT_NAME = MarginShot;
				SDKROOT = iphoneos;
				SWIFT_VERSION = 5.0;
				TARGETED_DEVICE_FAMILY = "1,2";
			};
			name = Debug;
		};
		A1B2C3D4E5F6000000000031 /* Release */ = {
			isa = XCBuildConfiguration;
			buildSettings = {
				ALWAYS_SEARCH_USER_PATHS = NO;
				CLANG_ANALYZER_LOCALIZABILITY_NONLOCALIZED = YES;
				CLANG_ENABLE_MODULES = YES;
				CODE_SIGN_STYLE = Automatic;
				CURRENT_PROJECT_VERSION = 1;
				DEBUG_INFORMATION_FORMAT = dwarf;
				DEVELOPMENT_TEAM = "";
				ENABLE_PREVIEWS = YES;
				GENERATE_INFOPLIST_FILE = NO;
				INFOPLIST_FILE = MarginShot/Info.plist;
				IPHONEOS_DEPLOYMENT_TARGET = 17.0;
				LD_RUNPATH_SEARCH_PATHS = (
					"$(inherited)",
					"@executable_path/Frameworks",
				);
				MARKETING_VERSION = 0.1.0;
				PRODUCT_BUNDLE_IDENTIFIER = com.example.MarginShot;
				PRODUCT_NAME = MarginShot;
				SDKROOT = iphoneos;
				SWIFT_VERSION = 5.0;
				TARGETED_DEVICE_FAMILY = "1,2";
			};
			name = Release;
		};
		A1B2C3D4E5F6000000000040 /* Debug */ = {
			isa = XCBuildConfiguration;
			buildSettings = {
				ASSETCATALOG_COMPILER_APPICON_NAME = AppIcon;
				CLANG_ENABLE_MODULES = YES;
				CODE_SIGN_STYLE = Automatic;
				CURRENT_PROJECT_VERSION = 1;
				DEBUG_INFORMATION_FORMAT = dwarf;
				DEVELOPMENT_TEAM = "";
				ENABLE_PREVIEWS = YES;
				GENERATE_INFOPLIST_FILE = NO;
				INFOPLIST_FILE = MarginShot/Info.plist;
				IPHONEOS_DEPLOYMENT_TARGET = 17.0;
				LD_RUNPATH_SEARCH_PATHS = (
					"$(inherited)",
					"@executable_path/Frameworks",
				);
				MARKETING_VERSION = 0.1.0;
				PRODUCT_BUNDLE_IDENTIFIER = com.example.MarginShot;
				PRODUCT_NAME = MarginShot;
				SDKROOT = iphoneos;
				SWIFT_VERSION = 5.0;
				SWIFT_OPTIMIZATION_LEVEL = "-Onone";
				TARGETED_DEVICE_FAMILY = "1,2";
			};
			name = Debug;
		};
		A1B2C3D4E5F6000000000041 /* Release */ = {
			isa = XCBuildConfiguration;
			buildSettings = {
				ASSETCATALOG_COMPILER_APPICON_NAME = AppIcon;
				CLANG_ENABLE_MODULES = YES;
				CODE_SIGN_STYLE = Automatic;
				CURRENT_PROJECT_VERSION = 1;
				DEBUG_INFORMATION_FORMAT = dwarf;
				DEVELOPMENT_TEAM = "";
				ENABLE_PREVIEWS = YES;
				GENERATE_INFOPLIST_FILE = NO;
				INFOPLIST_FILE = MarginShot/Info.plist;
				IPHONEOS_DEPLOYMENT_TARGET = 17.0;
				LD_RUNPATH_SEARCH_PATHS = (
					"$(inherited)",
					"@executable_path/Frameworks",
				);
				MARKETING_VERSION = 0.1.0;
				PRODUCT_BUNDLE_IDENTIFIER = com.example.MarginShot;
				PRODUCT_NAME = MarginShot;
				SDKROOT = iphoneos;
				SWIFT_VERSION = 5.0;
				TARGETED_DEVICE_FAMILY = "1,2";
			};
			name = Release;
		};
/* End XCBuildConfiguration section */

/* Begin XCConfigurationList section */
		A1B2C3D4E5F6000000000032 /* Build configuration list for PBXProject "MarginShot" */ = {
			isa = XCConfigurationList;
			buildConfigurations = (
				A1B2C3D4E5F6000000000030 /* Debug */,
				A1B2C3D4E5F6000000000031 /* Release */,
			);
			defaultConfigurationIsVisible = 0;
			defaultConfigurationName = Debug;
		};
		A1B2C3D4E5F6000000000042 /* Build configuration list for PBXNativeTarget "MarginShot" */ = {
			isa = XCConfigurationList;
			buildConfigurations = (
				A1B2C3D4E5F6000000000040 /* Debug */,
				A1B2C3D4E5F6000000000041 /* Release */,
			);
			defaultConfigurationIsVisible = 0;
			defaultConfigurationName = Debug;
		};
/* End XCConfigurationList section */
	};
	rootObject = A1B2C3D4E5F6000000000005 /* Project object */;
}
